
Microsoft Visual Studio Solution File, Format Version 12.00
# Visual Studio Version 16
VisualStudioVersion = 16.0.28803.352
MinimumVisualStudioVersion = 10.0.40219.1
Project("{FAE04EC0-301F-11D3-BF4B-00C04F79EFBC}") = "Mathtone.NeuralNetworkExplorer", "Mathtone.NeuralNetworkExplorer\Mathtone.NeuralNetworkExplorer.csproj", "{066FB9BF-3CDA-48A6-B3BD-E4CABA1B36DE}"
EndProject
Project("{2150E333-8FDC-42A3-9474-1A3956D46DE8}") = "Solution Items", "Solution Items", "{CA4C67D0-6C1D-4A5C-B50E-655B0B638E0F}"
	ProjectSection(SolutionItems) = preProject
		LICENSE.txt = LICENSE.txt
	EndProjectSection
EndProject
Project("{FAE04EC0-301F-11D3-BF4B-00C04F79EFBC}") = "Mathtone.NeuralNetworks", "Mathtone.NeuralNetworks\Mathtone.NeuralNetworks.csproj", "{310A6158-C540-4100-98F2-64CD65B5CF71}"
EndProject
Global
	GlobalSection(SolutionConfigurationPlatforms) = preSolution
		Debug|Any CPU = Debug|Any CPU
		Release|Any CPU = Release|Any CPU
	EndGlobalSection
	GlobalSection(ProjectConfigurationPlatforms) = postSolution
		{066FB9BF-3CDA-48A6-B3BD-E4CABA1B36DE}.Debug|Any CPU.ActiveCfg = Debug|Any CPU
		{066FB9BF-3CDA-48A6-B3BD-E4CABA1B36DE}.Debug|Any CPU.Build.0 = Debug|Any CPU
		{066FB9BF-3CDA-48A6-B3BD-E4CABA1B36DE}.Release|Any CPU.ActiveCfg = Release|Any CPU
		{066FB9BF-3CDA-48A6-B3BD-E4CABA1B36DE}.Release|Any CPU.Build.0 = Release|Any CPU
		{310A6158-C540-4100-98F2-64CD65B5CF71}.Debug|Any CPU.ActiveCfg = Debug|Any CPU
		{310A6158-C540-4100-98F2-64CD65B5CF71}.Debug|Any CPU.Build.0 = Debug|Any CPU
		{310A6158-C540-4100-98F2-64CD65B5CF71}.Release|Any CPU.ActiveCfg = Release|Any CPU
		{310A6158-C540-4100-98F2-64CD65B5CF71}.Release|Any CPU.Build.0 = Release|Any CPU
	EndGlobalSection
	GlobalSection(SolutionProperties) = preSolution
		HideSolutionNode = FALSE
	EndGlobalSection
	GlobalSection(ExtensibilityGlobals) = postSolution
		SolutionGuid = {EADF854E-19C8-4148-9B13-003B8F94D756}
	EndGlobalSection
EndGlobal
